
Microsoft Visual Studio Solution File, Format Version 12.00
# Visual Studio 15
VisualStudioVersion = 15.0.28010.2046
MinimumVisualStudioVersion = 10.0.40219.1
Project("{9A19103F-16F7-4668-BE54-9A1E7A4F7556}") = "HotelReservationSystemModels", "HotelReservationModel\HotelReservationSystemModels.csproj", "{00E28243-6CAB-414E-98AA-9B32A8326D0A}"
EndProject
Project("{9A19103F-16F7-4668-BE54-9A1E7A4F7556}") = "HotelBookingFactory", "HotelBookingFactory\HotelBookingFactory.csproj", "{06D8ABA8-EF1D-412C-9195-D28267ED5394}"
EndProject
Project("{9A19103F-16F7-4668-BE54-9A1E7A4F7556}") = "HotelBookingClient", "HotelBookingClient\HotelBookingClient.csproj", "{30C631CE-3A2F-4837-A15F-BF9651A0A7B9}"
EndProject
Project("{9A19103F-16F7-4668-BE54-9A1E7A4F7556}") = "HotelBookingDBLayer", "HotelBookingDBLayer\HotelBookingDBLayer.csproj", "{B6515CD7-8BF5-4A0E-AF92-AAB94DC390D6}"
EndProject
Project("{FAE04EC0-301F-11D3-BF4B-00C04F79EFBC}") = "HotelReservationUI", "HotelReservationUI\HotelReservationUI.csproj", "{44504719-E3FE-4F36-97A9-B1A707A61CC8}"
EndProject
Global
	GlobalSection(SolutionConfigurationPlatforms) = preSolution
		Debug|Any CPU = Debug|Any CPU
		Release|Any CPU = Release|Any CPU
	EndGlobalSection
	GlobalSection(ProjectConfigurationPlatforms) = postSolution
		{00E28243-6CAB-414E-98AA-9B32A8326D0A}.Debug|Any CPU.ActiveCfg = Debug|Any CPU
		{00E28243-6CAB-414E-98AA-9B32A8326D0A}.Debug|Any CPU.Build.0 = Debug|Any CPU
		{00E28243-6CAB-414E-98AA-9B32A8326D0A}.Release|Any CPU.ActiveCfg = Release|Any CPU
		{00E28243-6CAB-414E-98AA-9B32A8326D0A}.Release|Any CPU.Build.0 = Release|Any CPU
		{06D8ABA8-EF1D-412C-9195-D28267ED5394}.Debug|Any CPU.ActiveCfg = Debug|Any CPU
		{06D8ABA8-EF1D-412C-9195-D28267ED5394}.Debug|Any CPU.Build.0 = Debug|Any CPU
		{06D8ABA8-EF1D-412C-9195-D28267ED5394}.Release|Any CPU.ActiveCfg = Release|Any CPU
		{06D8ABA8-EF1D-412C-9195-D28267ED5394}.Release|Any CPU.Build.0 = Release|Any CPU
		{30C631CE-3A2F-4837-A15F-BF9651A0A7B9}.Debug|Any CPU.ActiveCfg = Debug|Any CPU
		{30C631CE-3A2F-4837-A15F-BF9651A0A7B9}.Debug|Any CPU.Build.0 = Debug|Any CPU
		{30C631CE-3A2F-4837-A15F-BF9651A0A7B9}.Release|Any CPU.ActiveCfg = Release|Any CPU
		{30C631CE-3A2F-4837-A15F-BF9651A0A7B9}.Release|Any CPU.Build.0 = Release|Any CPU
		{B6515CD7-8BF5-4A0E-AF92-AAB94DC390D6}.Debug|Any CPU.ActiveCfg = Debug|Any CPU
		{B6515CD7-8BF5-4A0E-AF92-AAB94DC390D6}.Debug|Any CPU.Build.0 = Debug|Any CPU
		{B6515CD7-8BF5-4A0E-AF92-AAB94DC390D6}.Release|Any CPU.ActiveCfg = Release|Any CPU
		{B6515CD7-8BF5-4A0E-AF92-AAB94DC390D6}.Release|Any CPU.Build.0 = Release|Any CPU
		{44504719-E3FE-4F36-97A9-B1A707A61CC8}.Debug|Any CPU.ActiveCfg = Debug|Any CPU
		{44504719-E3FE-4F36-97A9-B1A707A61CC8}.Debug|Any CPU.Build.0 = Debug|Any CPU
		{44504719-E3FE-4F36-97A9-B1A707A61CC8}.Release|Any CPU.ActiveCfg = Release|Any CPU
		{44504719-E3FE-4F36-97A9-B1A707A61CC8}.Release|Any CPU.Build.0 = Release|Any CPU
	EndGlobalSection
	GlobalSection(SolutionProperties) = preSolution
		HideSolutionNode = FALSE
	EndGlobalSection
	GlobalSection(ExtensibilityGlobals) = postSolution
		SolutionGuid = {B476689A-BF6B-498E-BBC5-13B0B9640812}
	EndGlobalSection
EndGlobal
